version = 1
revision = 3
requires-python = ">=3.9"

[[package]]
name = "gamebridge-for-fun"
version = "0.1.0"
source = { virtual = "." }
dependencies = [
    { name = "websockets" },
]

[package.metadata]
requires-dist = [{ name = "websockets", specifier = "==12.0" }]

[[package]]
name = "websockets"
version = "12.0"
source = { registry = "https://pypi.org/simple" }
sdist = { url = "https://files.pythonhosted.org/packages/2e/62/7a7874b7285413c954a4cca3c11fd851f11b2fe5b4ae2d9bee4f6d9bdb10/websockets-12.0.tar.gz", hash = "sha256:81df9cbcbb6c260de1e007e58c011bfebe2dafc8435107b0537f393dd38c8b1b", size = 104994, upload-time = "2023-10-21T14:21:11.88Z" }
wheels = [
    { url = "https://files.pythonhosted.org/packages/b1/b9/360b86ded0920a93bff0db4e4b0aa31370b0208ca240b2e98d62aad8d082/websockets-12.0-cp310-cp310-macosx_10_9_universal2.whl", hash = "sha256:d554236b2a2006e0ce16315c16eaa0d628dab009c33b63ea03f41c6107958374", size = 124025, upload-time = "2023-10-21T14:19:28.387Z" },
    { url = "https://files.pythonhosted.org/packages/bb/d3/1eca0d8fb6f0665c96f0dc7c0d0ec8aa1a425e8c003e0c18e1451f65d177/websockets-12.0-cp310-cp310-macosx_10_9_x86_64.whl", hash = "sha256:2d225bb6886591b1746b17c0573e29804619c8f755b5598d875bb4235ea639be", size = 121261, upload-time = "2023-10-21T14:19:30.203Z" },
    { url = "https://files.pythonhosted.org/packages/4e/e1/f6c3ecf7f1bfd9209e13949db027d7fdea2faf090c69b5f2d17d1d796d96/websockets-12.0-cp310-cp310-macosx_11_0_arm64.whl", hash = "sha256:eb809e816916a3b210bed3c82fb88eaf16e8afcf9c115ebb2bacede1797d2547", size = 121328, upload-time = "2023-10-21T14:19:31.765Z" },
    { url = "https://files.pythonhosted.org/packages/74/4d/f88eeceb23cb587c4aeca779e3f356cf54817af2368cb7f2bd41f93c8360/websockets-12.0-cp310-cp310-manylinux_2_17_aarch64.manylinux2014_aarch64.whl", hash = "sha256:c588f6abc13f78a67044c6b1273a99e1cf31038ad51815b3b016ce699f0d75c2", size = 130925, upload-time = "2023-10-21T14:19:33.36Z" },
    { url = "https://files.pythonhosted.org/packages/16/17/f63d9ee6ffd9afbeea021d5950d6e8db84cd4aead306c6c2ca523805699e/websockets-12.0-cp310-cp310-manylinux_2_5_i686.manylinux1_i686.manylinux_2_17_i686.manylinux2014_i686.whl", hash = "sha256:5aa9348186d79a5f232115ed3fa9020eab66d6c3437d72f9d2c8ac0c6858c558", size = 129930, upload-time = "2023-10-21T14:19:35.109Z" },
    { url = "https://files.pythonhosted.org/packages/9a/12/c7a7504f5bf74d6ee0533f6fc7d30d8f4b79420ab179d1df2484b07602eb/websockets-12.0-cp310-cp310-manylinux_2_5_x86_64.manylinux1_x86_64.manylinux_2_17_x86_64.manylinux2014_x86_64.whl", hash = "sha256:6350b14a40c95ddd53e775dbdbbbc59b124a5c8ecd6fbb09c2e52029f7a9f480", size = 130245, upload-time = "2023-10-21T14:19:36.761Z" },
    { url = "https://files.pythonhosted.org/packages/e4/6a/3600c7771eb31116d2e77383d7345618b37bb93709d041e328c08e2a8eb3/websockets-12.0-cp310-cp310-musllinux_1_1_aarch64.whl", hash = "sha256:70ec754cc2a769bcd218ed8d7209055667b30860ffecb8633a834dde27d6307c", size = 134966, upload-time = "2023-10-21T14:19:38.481Z" },
    { url = "https://files.pythonhosted.org/packages/22/26/df77c4b7538caebb78c9b97f43169ef742a4f445e032a5ea1aaef88f8f46/websockets-12.0-cp310-cp310-musllinux_1_1_i686.whl", hash = "sha256:6e96f5ed1b83a8ddb07909b45bd94833b0710f738115751cdaa9da1fb0cb66e8", size = 134196, upload-time = "2023-10-21T14:19:40.264Z" },
    { url = "https://files.pythonhosted.org/packages/e5/18/18ce9a4a08203c8d0d3d561e3ea4f453daf32f099601fc831e60c8a9b0f2/websockets-12.0-cp310-cp310-musllinux_1_1_x86_64.whl", hash = "sha256:4d87be612cbef86f994178d5186add3d94e9f31cc3cb499a0482b866ec477603", size = 134822, upload-time = "2023-10-21T14:19:41.836Z" },
    { url = "https://files.pythonhosted.org/packages/45/51/1f823a341fc20a880e67ae62f6c38c4880a24a4b60fbe544a38f516f39a1/websockets-12.0-cp310-cp310-win32.whl", hash = "sha256:befe90632d66caaf72e8b2ed4d7f02b348913813c8b0a32fae1cc5fe3730902f", size = 124454, upload-time = "2023-10-21T14:19:43.639Z" },
    { url = "https://files.pythonhosted.org/packages/41/b0/5ec054cfcf23adfc88d39359b85e81d043af8a141e3ac8ce40f45a5ce5f4/websockets-12.0-cp310-cp310-win_amd64.whl", hash = "sha256:363f57ca8bc8576195d0540c648aa58ac18cf85b76ad5202b9f976918f4219cf", size = 124974, upload-time = "2023-10-21T14:19:44.934Z" },
    { url = "https://files.pythonhosted.org/packages/02/73/9c1e168a2e7fdf26841dc98f5f5502e91dea47428da7690a08101f616169/websockets-12.0-cp311-cp311-macosx_10_9_universal2.whl", hash = "sha256:5d873c7de42dea355d73f170be0f23788cf3fa9f7bed718fd2830eefedce01b4", size = 124047, upload-time = "2023-10-21T14:19:46.519Z" },
    { url = "https://files.pythonhosted.org/packages/e4/2d/9a683359ad2ed11b2303a7a94800db19c61d33fa3bde271df09e99936022/websockets-12.0-cp311-cp311-macosx_10_9_x86_64.whl", hash = "sha256:3f61726cae9f65b872502ff3c1496abc93ffbe31b278455c418492016e2afc8f", size = 121282, upload-time = "2023-10-21T14:19:47.739Z" },
    { url = "https://files.pythonhosted.org/packages/95/aa/75fa3b893142d6d98a48cb461169bd268141f2da8bfca97392d6462a02eb/websockets-12.0-cp311-cp311-macosx_11_0_arm64.whl", hash = "sha256:ed2fcf7a07334c77fc8a230755c2209223a7cc44fc27597729b8ef5425aa61a3", size = 121325, upload-time = "2023-10-21T14:19:49.4Z" },
    { url = "https://files.pythonhosted.org/packages/6e/a4/51a25e591d645df71ee0dc3a2c880b28e5514c00ce752f98a40a87abcd1e/websockets-12.0-cp311-cp311-manylinux_2_17_aarch64.manylinux2014_aarch64.whl", hash = "sha256:8e332c210b14b57904869ca9f9bf4ca32f5427a03eeb625da9b616c85a3a506c", size = 131502, upload-time = "2023-10-21T14:19:50.683Z" },
    { url = "https://files.pythonhosted.org/packages/cd/ea/0ceeea4f5b87398fe2d9f5bcecfa00a1bcd542e2bfcac2f2e5dd612c4e9e/websockets-12.0-cp311-cp311-manylinux_2_5_i686.manylinux1_i686.manylinux_2_17_i686.manylinux2014_i686.whl", hash = "sha256:5693ef74233122f8ebab026817b1b37fe25c411ecfca084b29bc7d6efc548f45", size = 130491, upload-time = "2023-10-21T14:19:51.835Z" },
    { url = "https://files.pythonhosted.org/packages/e3/05/f52a60b66d9faf07a4f7d71dc056bffafe36a7e98c4eb5b78f04fe6e4e85/websockets-12.0-cp311-cp311-manylinux_2_5_x86_64.manylinux1_x86_64.manylinux_2_17_x86_64.manylinux2014_x86_64.whl", hash = "sha256:6e9e7db18b4539a29cc5ad8c8b252738a30e2b13f033c2d6e9d0549b45841c04", size = 130872, upload-time = "2023-10-21T14:19:53.071Z" },
    { url = "https://files.pythonhosted.org/packages/ac/4e/c7361b2d7b964c40fea924d64881145164961fcd6c90b88b7e3ab2c4f431/websockets-12.0-cp311-cp311-musllinux_1_1_aarch64.whl", hash = "sha256:6e2df67b8014767d0f785baa98393725739287684b9f8d8a1001eb2839031447", size = 136318, upload-time = "2023-10-21T14:19:54.41Z" },
    { url = "https://files.pythonhosted.org/packages/0a/31/337bf35ae5faeaf364c9cddec66681cdf51dc4414ee7a20f92a18e57880f/websockets-12.0-cp311-cp311-musllinux_1_1_i686.whl", hash = "sha256:bea88d71630c5900690fcb03161ab18f8f244805c59e2e0dc4ffadae0a7ee0ca", size = 135594, upload-time = "2023-10-21T14:19:55.982Z" },
    { url = "https://files.pythonhosted.org/packages/95/aa/1ac767825c96f9d7e43c4c95683757d4ef28cf11fa47a69aca42428d3e3a/websockets-12.0-cp311-cp311-musllinux_1_1_x86_64.whl", hash = "sha256:dff6cdf35e31d1315790149fee351f9e52978130cef6c87c4b6c9b3baf78bc53", size = 136191, upload-time = "2023-10-21T14:19:57.349Z" },
    { url = "https://files.pythonhosted.org/packages/28/4b/344ec5cfeb6bc417da097f8253607c3aed11d9a305fb58346f506bf556d8/websockets-12.0-cp311-cp311-win32.whl", hash = "sha256:3e3aa8c468af01d70332a382350ee95f6986db479ce7af14d5e81ec52aa2b402", size = 124453, upload-time = "2023-10-21T14:19:59.11Z" },
    { url = "https://files.pythonhosted.org/packages/d1/40/6b169cd1957476374f51f4486a3e85003149e62a14e6b78a958c2222337a/websockets-12.0-cp311-cp311-win_amd64.whl", hash = "sha256:25eb766c8ad27da0f79420b2af4b85d29914ba0edf69f547cc4f06ca6f1d403b", size = 124971, upload-time = "2023-10-21T14:20:00.243Z" },
    { url = "https://files.pythonhosted.org/packages/a9/6d/23cc898647c8a614a0d9ca703695dd04322fb5135096a20c2684b7c852b6/websockets-12.0-cp312-cp312-macosx_10_9_universal2.whl", hash = "sha256:0e6e2711d5a8e6e482cacb927a49a3d432345dfe7dea8ace7b5790df5932e4df", size = 124061, upload-time = "2023-10-21T14:20:02.221Z" },
    { url = "https://files.pythonhosted.org/packages/39/34/364f30fdf1a375e4002a26ee3061138d1571dfda6421126127d379d13930/websockets-12.0-cp312-cp312-macosx_10_9_x86_64.whl", hash = "sha256:dbcf72a37f0b3316e993e13ecf32f10c0e1259c28ffd0a85cee26e8549595fbc", size = 121296, upload-time = "2023-10-21T14:20:03.591Z" },
    { url = "https://files.pythonhosted.org/packages/2e/00/96ae1c9dcb3bc316ef683f2febd8c97dde9f254dc36c3afc65c7645f734c/websockets-12.0-cp312-cp312-macosx_11_0_arm64.whl", hash = "sha256:12743ab88ab2af1d17dd4acb4645677cb7063ef4db93abffbf164218a5d54c6b", size = 121326, upload-time = "2023-10-21T14:20:04.956Z" },
    { url = "https://files.pythonhosted.org/packages/af/f1/bba1e64430685dd456c1a1fd6b0c791ae33104967b928aefeff261761e8d/websockets-12.0-cp312-cp312-manylinux_2_17_aarch64.manylinux2014_aarch64.whl", hash = "sha256:7b645f491f3c48d3f8a00d1fce07445fab7347fec54a3e65f0725d730d5b99cb", size = 131807, upload-time = "2023-10-21T14:20:06.153Z" },
    { url = "https://files.pythonhosted.org/packages/62/3b/98ee269712f37d892b93852ce07b3e6d7653160ca4c0d4f8c8663f8021f8/websockets-12.0-cp312-cp312-manylinux_2_5_i686.manylinux1_i686.manylinux_2_17_i686.manylinux2014_i686.whl", hash = "sha256:9893d1aa45a7f8b3bc4510f6ccf8db8c3b62120917af15e3de247f0780294b92", size = 130751, upload-time = "2023-10-21T14:20:07.753Z" },
    { url = "https://files.pythonhosted.org/packages/f1/00/d6f01ca2b191f8b0808e4132ccd2e7691f0453cbd7d0f72330eb97453c3a/websockets-12.0-cp312-cp312-manylinux_2_5_x86_64.manylinux1_x86_64.manylinux_2_17_x86_64.manylinux2014_x86_64.whl", hash = "sha256:1f38a7b376117ef7aff996e737583172bdf535932c9ca021746573bce40165ed", size = 131176, upload-time = "2023-10-21T14:20:09.212Z" },
    { url = "https://files.pythonhosted.org/packages/af/9c/703ff3cd8109dcdee6152bae055d852ebaa7750117760ded697ab836cbcf/websockets-12.0-cp312-cp312-musllinux_1_1_aarch64.whl", hash = "sha256:f764ba54e33daf20e167915edc443b6f88956f37fb606449b4a5b10ba42235a5", size = 136246, upload-time = "2023-10-21T14:20:10.423Z" },
    { url = "https://files.pythonhosted.org/packages/0b/a5/1a38fb85a456b9dc874ec984f3ff34f6550eafd17a3da28753cd3c1628e8/websockets-12.0-cp312-cp312-musllinux_1_1_i686.whl", hash = "sha256:1e4b3f8ea6a9cfa8be8484c9221ec0257508e3a1ec43c36acdefb2a9c3b00aa2", size = 135466, upload-time = "2023-10-21T14:20:11.826Z" },
    { url = "https://files.pythonhosted.org/packages/3c/98/1261f289dff7e65a38d59d2f591de6ed0a2580b729aebddec033c4d10881/websockets-12.0-cp312-cp312-musllinux_1_1_x86_64.whl", hash = "sha256:9fdf06fd06c32205a07e47328ab49c40fc1407cdec801d698a7c41167ea45113", size = 136083, upload-time = "2023-10-21T14:20:13.451Z" },
    { url = "https://files.pythonhosted.org/packages/a9/1c/f68769fba63ccb9c13fe0a25b616bd5aebeef1c7ddebc2ccc32462fb784d/websockets-12.0-cp312-cp312-win32.whl", hash = "sha256:baa386875b70cbd81798fa9f71be689c1bf484f65fd6fb08d051a0ee4e79924d", size = 124460, upload-time = "2023-10-21T14:20:14.719Z" },
    { url = "https://files.pythonhosted.org/packages/20/52/8915f51f9aaef4e4361c89dd6cf69f72a0159f14e0d25026c81b6ad22525/websockets-12.0-cp312-cp312-win_amd64.whl", hash = "sha256:ae0a5da8f35a5be197f328d4727dbcfafa53d1824fac3d96cdd3a642fe09394f", size = 124985, upload-time = "2023-10-21T14:20:15.817Z" },
    { url = "https://files.pythonhosted.org/packages/69/af/c52981023e7afcdfdb50c4697f702659b3dedca54f71e3cc99b8581f5647/websockets-12.0-cp39-cp39-macosx_10_9_universal2.whl", hash = "sha256:ab3d732ad50a4fbd04a4490ef08acd0517b6ae6b77eb967251f4c263011a990d", size = 124014, upload-time = "2023-10-21T14:20:33.54Z" },
    { url = "https://files.pythonhosted.org/packages/c5/db/2d12649006d6686802308831f4f8a1190105ea34afb68c52f098de689ad8/websockets-12.0-cp39-cp39-macosx_10_9_x86_64.whl", hash = "sha256:a1d9697f3337a89691e3bd8dc56dea45a6f6d975f92e7d5f773bc715c15dde28", size = 121251, upload-time = "2023-10-21T14:20:34.64Z" },
    { url = "https://files.pythonhosted.org/packages/0d/a4/ec1043bc6acf5bc405762ecc1327f3573441185571122ae50fc00c6d3130/websockets-12.0-cp39-cp39-macosx_11_0_arm64.whl", hash = "sha256:1df2fbd2c8a98d38a66f5238484405b8d1d16f929bb7a33ed73e4801222a6f53", size = 121322, upload-time = "2023-10-21T14:20:35.758Z" },
    { url = "https://files.pythonhosted.org/packages/25/a9/a3e03f9f3c4425a914e5875dd09f2c2559d61b44edd52cf1e6b73f938898/websockets-12.0-cp39-cp39-manylinux_2_17_aarch64.manylinux2014_aarch64.whl", hash = "sha256:23509452b3bc38e3a057382c2e941d5ac2e01e251acce7adc74011d7d8de434c", size = 130706, upload-time = "2023-10-21T14:20:36.895Z" },
    { url = "https://files.pythonhosted.org/packages/7b/9f/f5aae5c49b0fc04ca68c723386f0d97f17363384525c6566cd382912a022/websockets-12.0-cp39-cp39-manylinux_2_5_i686.manylinux1_i686.manylinux_2_17_i686.manylinux2014_i686.whl", hash = "sha256:2e5fc14ec6ea568200ea4ef46545073da81900a2b67b3e666f04adf53ad452ec", size = 129708, upload-time = "2023-10-21T14:20:38.234Z" },
    { url = "https://files.pythonhosted.org/packages/06/dd/e8535f54b4aaded1ed44041ca8eb9de8786ce719ff148b56b4a903ef93e6/websockets-12.0-cp39-cp39-manylinux_2_5_x86_64.manylinux1_x86_64.manylinux_2_17_x86_64.manylinux2014_x86_64.whl", hash = "sha256:46e71dbbd12850224243f5d2aeec90f0aaa0f2dde5aeeb8fc8df21e04d99eff9", size = 130011, upload-time = "2023-10-21T14:20:39.643Z" },
    { url = "https://files.pythonhosted.org/packages/67/cc/6fd14e45c5149e6c81c6771550ee5a4911321014e620f69baf1490001a80/websockets-12.0-cp39-cp39-musllinux_1_1_aarch64.whl", hash = "sha256:b81f90dcc6c85a9b7f29873beb56c94c85d6f0dac2ea8b60d995bd18bf3e2aae", size = 134686, upload-time = "2023-10-21T14:20:40.775Z" },
    { url = "https://files.pythonhosted.org/packages/1b/9f/84d42c8c3e510f2a9ad09ae178c31cc89cc838b143a04bf41ff0653ca018/websockets-12.0-cp39-cp39-musllinux_1_1_i686.whl", hash = "sha256:a02413bc474feda2849c59ed2dfb2cddb4cd3d2f03a2fedec51d6e959d9b608b", size = 133934, upload-time = "2023-10-21T14:20:42.245Z" },
    { url = "https://files.pythonhosted.org/packages/9c/5b/648db3556d8a441aa9705e1132b3ddae76204b57410952f85cf4a953623a/websockets-12.0-cp39-cp39-musllinux_1_1_x86_64.whl", hash = "sha256:bbe6013f9f791944ed31ca08b077e26249309639313fff132bfbf3ba105673b9", size = 134559, upload-time = "2023-10-21T14:20:43.446Z" },
    { url = "https://files.pythonhosted.org/packages/bb/07/050a8f6b06eb8a876a51c56f752dd51f59982dda37f2a1788bfd2a26952e/websockets-12.0-cp39-cp39-win32.whl", hash = "sha256:cbe83a6bbdf207ff0541de01e11904827540aa069293696dd528a6640bd6a5f6", size = 124449, upload-time = "2023-10-21T14:20:45.561Z" },
    { url = "https://files.pythonhosted.org/packages/94/92/5dc1202332df60422869fdb6c86213ff6987b1b06c329eed329cc49966f7/websockets-12.0-cp39-cp39-win_amd64.whl", hash = "sha256:fc4e7fa5414512b481a2483775a8e8be7803a35b30ca805afa4998a84f9fd9e8", size = 124966, upload-time = "2023-10-21T14:20:47.003Z" },
    { url = "https://files.pythonhosted.org/packages/43/8b/554a8a8bb6da9dd1ce04c44125e2192af7b7beebf6e3dbfa5d0e285cc20f/websockets-12.0-pp310-pypy310_pp73-macosx_10_9_x86_64.whl", hash = "sha256:248d8e2446e13c1d4326e0a6a4e9629cb13a11195051a73acf414812700badbd", size = 121110, upload-time = "2023-10-21T14:20:48.335Z" },
    { url = "https://files.pythonhosted.org/packages/b0/8e/58b8812940d746ad74d395fb069497255cb5ef50748dfab1e8b386b1f339/websockets-12.0-pp310-pypy310_pp73-manylinux_2_17_aarch64.manylinux2014_aarch64.whl", hash = "sha256:f44069528d45a933997a6fef143030d8ca8042f0dfaad753e2906398290e2870", size = 123216, upload-time = "2023-10-21T14:20:50.083Z" },
    { url = "https://files.pythonhosted.org/packages/81/ee/272cb67ace1786ce6d9f39d47b3c55b335e8b75dd1972a7967aad39178b6/websockets-12.0-pp310-pypy310_pp73-manylinux_2_5_i686.manylinux1_i686.manylinux_2_17_i686.manylinux2014_i686.whl", hash = "sha256:c4e37d36f0d19f0a4413d3e18c0d03d0c268ada2061868c1e6f5ab1a6d575077", size = 122821, upload-time = "2023-10-21T14:20:51.237Z" },
    { url = "https://files.pythonhosted.org/packages/a8/03/387fc902b397729df166763e336f4e5cec09fe7b9d60f442542c94a21be1/websockets-12.0-pp310-pypy310_pp73-manylinux_2_5_x86_64.manylinux1_x86_64.manylinux_2_17_x86_64.manylinux2014_x86_64.whl", hash = "sha256:3d829f975fc2e527a3ef2f9c8f25e553eb7bc779c6665e8e1d52aa22800bb38b", size = 122768, upload-time = "2023-10-21T14:20:52.59Z" },
    { url = "https://files.pythonhosted.org/packages/50/f0/5939fbc9bc1979d79a774ce5b7c4b33c0cefe99af22fb70f7462d0919640/websockets-12.0-pp310-pypy310_pp73-win_amd64.whl", hash = "sha256:2c71bd45a777433dd9113847af751aae36e448bc6b8c361a566cb043eda6ec30", size = 125009, upload-time = "2023-10-21T14:20:54.419Z" },
    { url = "https://files.pythonhosted.org/packages/01/ae/d48aebf121726d2a26e48170cd7558627b09e0d47186ddfa1be017c81663/websockets-12.0-pp39-pypy39_pp73-macosx_10_9_x86_64.whl", hash = "sha256:00700340c6c7ab788f176d118775202aadea7602c5cc6be6ae127761c16d6b0b", size = 121107, upload-time = "2023-10-21T14:21:02.399Z" },
    { url = "https://files.pythonhosted.org/packages/c6/1a/142fa072b2292ca0897c282d12f48d5b18bdda5ac32774e3d6f9bddfd8fe/websockets-12.0-pp39-pypy39_pp73-manylinux_2_17_aarch64.manylinux2014_aarch64.whl", hash = "sha256:e469d01137942849cff40517c97a30a93ae79917752b34029f0ec72df6b46399", size = 123209, upload-time = "2023-10-21T14:21:03.591Z" },
    { url = "https://files.pythonhosted.org/packages/03/72/e4752b208241a606625da8d8757d98c3bfc6c69c0edc47603180c208f857/websockets-12.0-pp39-pypy39_pp73-manylinux_2_5_i686.manylinux1_i686.manylinux_2_17_i686.manylinux2014_i686.whl", hash = "sha256:ffefa1374cd508d633646d51a8e9277763a9b78ae71324183693959cf94635a7", size = 122820, upload-time = "2023-10-21T14:21:05.203Z" },
    { url = "https://files.pythonhosted.org/packages/2d/73/a337e1275e4c3a9752896fbe467d2c6b5f25e983a2de0992e1dfaca04dbe/websockets-12.0-pp39-pypy39_pp73-manylinux_2_5_x86_64.manylinux1_x86_64.manylinux_2_17_x86_64.manylinux2014_x86_64.whl", hash = "sha256:ba0cab91b3956dfa9f512147860783a1829a8d905ee218a9837c18f683239611", size = 122765, upload-time = "2023-10-21T14:21:07.213Z" },
    { url = "https://files.pythonhosted.org/packages/c6/68/ed11b1b1a24fb0fa1a8275f72464e2f1038e25cab0137a09747cd1f40836/websockets-12.0-pp39-pypy39_pp73-win_amd64.whl", hash = "sha256:2cb388a5bfb56df4d9a406783b7f9dbefb888c09b71629351cc6b036e9259370", size = 125005, upload-time = "2023-10-21T14:21:08.563Z" },
    { url = "https://files.pythonhosted.org/packages/79/4d/9cc401e7b07e80532ebc8c8e993f42541534da9e9249c59ee0139dcb0352/websockets-12.0-py3-none-any.whl", hash = "sha256:dc284bbc8d7c78a6c69e0c7325ab46ee5e40bb4d50e494d8131a07ef47500e9e", size = 118370, upload-time = "2023-10-21T14:21:10.075Z" },
]
